PODS:
  - Dropper (2.7.5)
  - EZSwiftExtensions (1.7)
  - FMDB (2.6.2):
    - FMDB/standard (= 2.6.2)
  - FMDB/standard (2.6.2)
  - FoldingCell (2.0.1)

DEPENDENCIES:
  - Dropper
  - EZSwiftExtensions
  - FMDB
  - FoldingCell

SPEC CHECKSUMS:
  Dropper: 6fb3bd5977f2ade0a332321b6846180d59e75000
  EZSwiftExtensions: 4afef248066a036903d8496bf07bc355b22ce766
  FMDB: 854a0341b4726e53276f2a8996f06f1b80f9259a
  FoldingCell: cfa0c9b0f1ee94d4443e3679bd6e5ebe3b386ebf

PODFILE CHECKSUM: 5c95373f30a19ec60f35b2b63f132af071c6b9c6

COCOAPODS: 1.1.1
