PODS:
  - EZSwiftExtensions (1.7)
  - FMDB (2.6.2):
    - FMDB/standard (= 2.6.2)
  - FMDB/standard (2.6.2)
  - FoldingCell (2.0.1)

DEPENDENCIES:
  - EZSwiftExtensions
  - FMDB
  - FoldingCell (~> 2.0.1)

SPEC CHECKSUMS:
  EZSwiftExtensions: 4afef248066a036903d8496bf07bc355b22ce766
  FMDB: 854a0341b4726e53276f2a8996f06f1b80f9259a
  FoldingCell: cfa0c9b0f1ee94d4443e3679bd6e5ebe3b386ebf

PODFILE CHECKSUM: cbcbff58d82982e2fe48fe1fb1656919aa1e2e83

COCOAPODS: 1.1.1
