<?xml version="1.0" encoding="UTF-8"?>
<!DOCTYPE plist PUBLIC "-//Apple//DTD PLIST 1.0//EN" "http://www.apple.com/DTDs/PropertyList-1.0.dtd">
<plist version="1.0">
<dict>
	<key>archiveVersion</key>
	<string>1</string>
	<key>classes</key>
	<dict/>
	<key>objectVersion</key>
	<string>46</string>
	<key>objects</key>
	<dict>
		<key>0E05FD856064F4606E382673</key>
		<dict>
			<key>buildActionMask</key>
			<string>2147483647</string>
			<key>files</key>
			<array/>
			<key>inputPaths</key>
			<array/>
			<key>isa</key>
			<string>PBXShellScriptBuildPhase</string>
			<key>name</key>
			<string>[CP] Copy Pods Resources</string>
			<key>outputPaths</key>
			<array/>
			<key>runOnlyForDeploymentPostprocessing</key>
			<string>0</string>
			<key>shellPath</key>
			<string>/bin/sh</string>
			<key>shellScript</key>
			<string>"${SRCROOT}/Pods/Target Support Files/Pods-PasteBook/Pods-PasteBook-resources.sh"
</string>
			<key>showEnvVarsInLog</key>
			<string>0</string>
		</dict>
		<key>151B895B1CFD40B200630EF8</key>
		<dict>
			<key>fileEncoding</key>
			<string>4</string>
			<key>isa</key>
			<string>PBXFileReference</string>
			<key>lastKnownFileType</key>
			<string>sourcecode.swift</string>
			<key>path</key>
			<string>TagTourVC.swift</string>
			<key>sourceTree</key>
			<string>&lt;group&gt;</string>
		</dict>
		<key>151B895C1CFD40B200630EF8</key>
		<dict>
			<key>fileRef</key>
			<string>151B895B1CFD40B200630EF8</string>
			<key>isa</key>
			<string>PBXBuildFile</string>
		</dict>
		<key>15B608351CEEEAD600D19210</key>
		<dict>
			<key>fileEncoding</key>
			<string>4</string>
			<key>isa</key>
			<string>PBXFileReference</string>
			<key>lastKnownFileType</key>
			<string>sourcecode.swift</string>
			<key>path</key>
			<string>HomeViewController.swift</string>
			<key>sourceTree</key>
			<string>&lt;group&gt;</string>
		</dict>
		<key>15B608361CEEEAD600D19210</key>
		<dict>
			<key>fileRef</key>
			<string>15B608351CEEEAD600D19210</string>
			<key>isa</key>
			<string>PBXBuildFile</string>
		</dict>
		<key>26060F08BEDA9C86FFB728A6</key>
		<dict>
			<key>buildActionMask</key>
			<string>2147483647</string>
			<key>files</key>
			<array/>
			<key>inputPaths</key>
			<array/>
			<key>isa</key>
			<string>PBXShellScriptBuildPhase</string>
			<key>name</key>
			<string>[CP] Embed Pods Frameworks</string>
			<key>outputPaths</key>
			<array/>
			<key>runOnlyForDeploymentPostprocessing</key>
			<string>0</string>
			<key>shellPath</key>
			<string>/bin/sh</string>
			<key>shellScript</key>
			<string>"${SRCROOT}/Pods/Target Support Files/Pods-PasteBook/Pods-PasteBook-frameworks.sh"
</string>
			<key>showEnvVarsInLog</key>
			<string>0</string>
		</dict>
		<key>45A645072F86156F7217E393</key>
		<dict>
			<key>includeInIndex</key>
			<string>1</string>
			<key>isa</key>
			<string>PBXFileReference</string>
			<key>lastKnownFileType</key>
			<string>text.xcconfig</string>
			<key>name</key>
			<string>Pods-PasteBook.debug.xcconfig</string>
			<key>path</key>
			<string>Pods/Target Support Files/Pods-PasteBook/Pods-PasteBook.debug.xcconfig</string>
			<key>sourceTree</key>
			<string>&lt;group&gt;</string>
		</dict>
		<key>54DA19EF1B029B422DBE6156</key>
		<dict>
			<key>fileRef</key>
			<string>6E064DA690C1423B07C5E887</string>
			<key>isa</key>
			<string>PBXBuildFile</string>
		</dict>
		<key>671B8EC524201EA501761956</key>
		<dict>
			<key>children</key>
			<array>
				<string>45A645072F86156F7217E393</string>
				<string>F461B43A6194F1D8F7CC9F7D</string>
			</array>
			<key>isa</key>
			<string>PBXGroup</string>
			<key>name</key>
			<string>Pods</string>
			<key>sourceTree</key>
			<string>&lt;group&gt;</string>
		</dict>
		<key>6E064DA690C1423B07C5E887</key>
		<dict>
			<key>explicitFileType</key>
			<string>wrapper.framework</string>
			<key>includeInIndex</key>
			<string>0</string>
			<key>isa</key>
			<string>PBXFileReference</string>
			<key>path</key>
			<string>Pods_PasteBook.framework</string>
			<key>sourceTree</key>
			<string>BUILT_PRODUCTS_DIR</string>
		</dict>
		<key>8980CA650F9F43A186DA3DE4</key>
		<dict>
			<key>buildActionMask</key>
			<string>2147483647</string>
			<key>files</key>
			<array/>
			<key>inputPaths</key>
			<array/>
			<key>isa</key>
			<string>PBXShellScriptBuildPhase</string>
			<key>name</key>
			<string>[CP] Check Pods Manifest.lock</string>
			<key>outputPaths</key>
			<array/>
			<key>runOnlyForDeploymentPostprocessing</key>
			<string>0</string>
			<key>shellPath</key>
			<string>/bin/sh</string>
			<key>shellScript</key>
			<string>diff "${PODS_ROOT}/../Podfile.lock" "${PODS_ROOT}/Manifest.lock" &gt; /dev/null
if [[ $? != 0 ]] ; then
    cat &lt;&lt; EOM
error: The sandbox is not in sync with the Podfile.lock. Run 'pod install' or update your CocoaPods installation.
EOM
    exit 1
fi
</string>
			<key>showEnvVarsInLog</key>
			<string>0</string>
		</dict>
		<key>990715F81B94885C00D1A903</key>
		<dict>
			<key>children</key>
			<array>
				<string>993B41591CF48B6F00044B3A</string>
				<string>993E61C71CCA3EBE0055E7D5</string>
				<string>990716031B94885C00D1A903</string>
				<string>990716181B94885C00D1A903</string>
				<string>990716231B94885C00D1A903</string>
				<string>990716021B94885C00D1A903</string>
				<string>671B8EC524201EA501761956</string>
				<string>AA59E43E38BC80D0E67A07A9</string>
			</array>
			<key>isa</key>
			<string>PBXGroup</string>
			<key>sourceTree</key>
			<string>&lt;group&gt;</string>
		</dict>
		<key>990715F91B94885C00D1A903</key>
		<dict>
			<key>attributes</key>
			<dict>
				<key>LastSwiftUpdateCheck</key>
				<string>0700</string>
				<key>LastUpgradeCheck</key>
				<string>0800</string>
				<key>ORGANIZATIONNAME</key>
				<string>Baoli Zhai</string>
				<key>TargetAttributes</key>
				<dict>
					<key>990716001B94885C00D1A903</key>
					<dict>
						<key>CreatedOnToolsVersion</key>
						<string>7.0</string>
						<key>DevelopmentTeam</key>
						<string>5296P9QS3C</string>
						<key>LastSwiftMigration</key>
						<string>0800</string>
					</dict>
					<key>990716141B94885C00D1A903</key>
					<dict>
						<key>CreatedOnToolsVersion</key>
						<string>7.0</string>
						<key>LastSwiftMigration</key>
						<string>0800</string>
						<key>TestTargetID</key>
						<string>990716001B94885C00D1A903</string>
					</dict>
				</dict>
			</dict>
			<key>buildConfigurationList</key>
			<string>990715FC1B94885C00D1A903</string>
			<key>compatibilityVersion</key>
			<string>Xcode 3.2</string>
			<key>developmentRegion</key>
			<string>English</string>
			<key>hasScannedForEncodings</key>
			<string>0</string>
			<key>isa</key>
			<string>PBXProject</string>
			<key>knownRegions</key>
			<array>
				<string>en</string>
				<string>Base</string>
			</array>
			<key>mainGroup</key>
			<string>990715F81B94885C00D1A903</string>
			<key>productRefGroup</key>
			<string>990716021B94885C00D1A903</string>
			<key>projectDirPath</key>
			<string></string>
			<key>projectReferences</key>
			<array/>
			<key>projectRoot</key>
			<string></string>
			<key>targets</key>
			<array>
				<string>990716001B94885C00D1A903</string>
				<string>990716141B94885C00D1A903</string>
			</array>
		</dict>
		<key>990715FC1B94885C00D1A903</key>
		<dict>
			<key>buildConfigurations</key>
			<array>
				<string>990716271B94885C00D1A903</string>
				<string>990716281B94885C00D1A903</string>
			</array>
			<key>defaultConfigurationIsVisible</key>
			<string>0</string>
			<key>defaultConfigurationName</key>
			<string>Release</string>
			<key>isa</key>
			<string>XCConfigurationList</string>
		</dict>
		<key>990715FD1B94885C00D1A903</key>
		<dict>
			<key>buildActionMask</key>
			<string>2147483647</string>
			<key>files</key>
			<array>
				<string>99BDF87C1C3C098E00C4D768</string>
				<string>993E61CB1CCD116A0055E7D5</string>
				<string>990716071B94885C00D1A903</string>
				<string>990716391B94A72400D1A903</string>
				<string>991E34781CEA017B00316B55</string>
				<string>151B895C1CFD40B200630EF8</string>
				<string>993B415C1CF48B8600044B3A</string>
				<string>993E61CD1CCD15F40055E7D5</string>
				<string>991E347A1CEA069F00316B55</string>
				<string>99CD3D531CE945B8008250FD</string>
				<string>99A6E6171CD0F9FE00218213</string>
				<string>99A6E6151CCFAE9F00218213</string>
				<string>990716051B94885C00D1A903</string>
				<string>15B608361CEEEAD600D19210</string>
				<string>99A6E6131CCE5CFD00218213</string>
			</array>
			<key>isa</key>
			<string>PBXSourcesBuildPhase</string>
			<key>runOnlyForDeploymentPostprocessing</key>
			<string>0</string>
		</dict>
		<key>990715FE1B94885C00D1A903</key>
		<dict>
			<key>buildActionMask</key>
			<string>2147483647</string>
			<key>files</key>
			<array>
				<string>54DA19EF1B029B422DBE6156</string>
			</array>
			<key>isa</key>
			<string>PBXFrameworksBuildPhase</string>
			<key>runOnlyForDeploymentPostprocessing</key>
			<string>0</string>
		</dict>
		<key>990715FF1B94885C00D1A903</key>
		<dict>
			<key>buildActionMask</key>
			<string>2147483647</string>
			<key>files</key>
			<array>
				<string>9907160F1B94885C00D1A903</string>
				<string>99FC8A1E1C3EC12200596BB3</string>
				<string>993E61C91CCA88400055E7D5</string>
				<string>99BDF8781C3AC53500C4D768</string>
				<string>9907160C1B94885C00D1A903</string>
				<string>99FC8A1A1C3EBE0600596BB3</string>
				<string>99BDF8771C3AC53500C4D768</string>
				<string>9907160A1B94885C00D1A903</string>
				<string>99FC8A201C3ECDA900596BB3</string>
			</array>
			<key>isa</key>
			<string>PBXResourcesBuildPhase</string>
			<key>runOnlyForDeploymentPostprocessing</key>
			<string>0</string>
		</dict>
		<key>990716001B94885C00D1A903</key>
		<dict>
			<key>buildConfigurationList</key>
			<string>990716291B94885C00D1A903</string>
			<key>buildPhases</key>
			<array>
				<string>8980CA650F9F43A186DA3DE4</string>
				<string>990715FD1B94885C00D1A903</string>
				<string>990715FE1B94885C00D1A903</string>
				<string>990715FF1B94885C00D1A903</string>
				<string>26060F08BEDA9C86FFB728A6</string>
				<string>0E05FD856064F4606E382673</string>
			</array>
			<key>buildRules</key>
			<array/>
			<key>dependencies</key>
			<array/>
			<key>isa</key>
			<string>PBXNativeTarget</string>
			<key>name</key>
			<string>PasteBook</string>
			<key>productName</key>
			<string>PasteBook</string>
			<key>productReference</key>
			<string>990716011B94885C00D1A903</string>
			<key>productType</key>
			<string>com.apple.product-type.application</string>
		</dict>
		<key>990716011B94885C00D1A903</key>
		<dict>
			<key>explicitFileType</key>
			<string>wrapper.application</string>
			<key>includeInIndex</key>
			<string>0</string>
			<key>isa</key>
			<string>PBXFileReference</string>
			<key>path</key>
			<string>PasteBook.app</string>
			<key>sourceTree</key>
			<string>BUILT_PRODUCTS_DIR</string>
		</dict>
		<key>990716021B94885C00D1A903</key>
		<dict>
			<key>children</key>
			<array>
				<string>990716011B94885C00D1A903</string>
				<string>990716151B94885C00D1A903</string>
			</array>
			<key>isa</key>
			<string>PBXGroup</string>
			<key>name</key>
			<string>Products</string>
			<key>sourceTree</key>
			<string>&lt;group&gt;</string>
		</dict>
		<key>990716031B94885C00D1A903</key>
		<dict>
			<key>children</key>
			<array>
				<string>99CD3D511CE9459F008250FD</string>
				<string>993E61CE1CCD16E90055E7D5</string>
				<string>99CD3D501CE9458B008250FD</string>
				<string>99CD3D4F1CE94576008250FD</string>
				<string>990716371B94A6EB00D1A903</string>
				<string>9907160B1B94885C00D1A903</string>
			</array>
			<key>isa</key>
			<string>PBXGroup</string>
			<key>path</key>
			<string>PasteBook</string>
			<key>sourceTree</key>
			<string>&lt;group&gt;</string>
		</dict>
		<key>990716041B94885C00D1A903</key>
		<dict>
			<key>isa</key>
			<string>PBXFileReference</string>
			<key>lastKnownFileType</key>
			<string>sourcecode.swift</string>
			<key>path</key>
			<string>AppDelegate.swift</string>
			<key>sourceTree</key>
			<string>&lt;group&gt;</string>
		</dict>
		<key>990716051B94885C00D1A903</key>
		<dict>
			<key>fileRef</key>
			<string>990716041B94885C00D1A903</string>
			<key>isa</key>
			<string>PBXBuildFile</string>
		</dict>
		<key>990716061B94885C00D1A903</key>
		<dict>
			<key>isa</key>
			<string>PBXFileReference</string>
			<key>lastKnownFileType</key>
			<string>sourcecode.swift</string>
			<key>path</key>
			<string>ContentDetailVC.swift</string>
			<key>sourceTree</key>
			<string>&lt;group&gt;</string>
		</dict>
		<key>990716071B94885C00D1A903</key>
		<dict>
			<key>fileRef</key>
			<string>990716061B94885C00D1A903</string>
			<key>isa</key>
			<string>PBXBuildFile</string>
		</dict>
		<key>990716081B94885C00D1A903</key>
		<dict>
			<key>children</key>
			<array>
				<string>990716091B94885C00D1A903</string>
			</array>
			<key>isa</key>
			<string>PBXVariantGroup</string>
			<key>name</key>
			<string>Main.storyboard</string>
			<key>sourceTree</key>
			<string>&lt;group&gt;</string>
		</dict>
		<key>990716091B94885C00D1A903</key>
		<dict>
			<key>isa</key>
			<string>PBXFileReference</string>
			<key>lastKnownFileType</key>
			<string>file.storyboard</string>
			<key>name</key>
			<string>Base</string>
			<key>path</key>
			<string>Base.lproj/Main.storyboard</string>
			<key>sourceTree</key>
			<string>&lt;group&gt;</string>
		</dict>
		<key>9907160A1B94885C00D1A903</key>
		<dict>
			<key>fileRef</key>
			<string>990716081B94885C00D1A903</string>
			<key>isa</key>
			<string>PBXBuildFile</string>
		</dict>
		<key>9907160B1B94885C00D1A903</key>
		<dict>
			<key>isa</key>
			<string>PBXFileReference</string>
			<key>lastKnownFileType</key>
			<string>folder.assetcatalog</string>
			<key>path</key>
			<string>Assets.xcassets</string>
			<key>sourceTree</key>
			<string>&lt;group&gt;</string>
		</dict>
		<key>9907160C1B94885C00D1A903</key>
		<dict>
			<key>fileRef</key>
			<string>9907160B1B94885C00D1A903</string>
			<key>isa</key>
			<string>PBXBuildFile</string>
		</dict>
		<key>9907160D1B94885C00D1A903</key>
		<dict>
			<key>children</key>
			<array>
				<string>9907160E1B94885C00D1A903</string>
			</array>
			<key>isa</key>
			<string>PBXVariantGroup</string>
			<key>name</key>
			<string>LaunchScreen.storyboard</string>
			<key>sourceTree</key>
			<string>&lt;group&gt;</string>
		</dict>
		<key>9907160E1B94885C00D1A903</key>
		<dict>
			<key>isa</key>
			<string>PBXFileReference</string>
			<key>lastKnownFileType</key>
			<string>file.storyboard</string>
			<key>name</key>
			<string>Base</string>
			<key>path</key>
			<string>Base.lproj/LaunchScreen.storyboard</string>
			<key>sourceTree</key>
			<string>&lt;group&gt;</string>
		</dict>
		<key>9907160F1B94885C00D1A903</key>
		<dict>
			<key>fileRef</key>
			<string>9907160D1B94885C00D1A903</string>
			<key>isa</key>
			<string>PBXBuildFile</string>
		</dict>
		<key>990716101B94885C00D1A903</key>
		<dict>
			<key>isa</key>
			<string>PBXFileReference</string>
			<key>lastKnownFileType</key>
			<string>text.plist.xml</string>
			<key>path</key>
			<string>Info.plist</string>
			<key>sourceTree</key>
			<string>&lt;group&gt;</string>
		</dict>
		<key>990716111B94885C00D1A903</key>
		<dict>
			<key>buildActionMask</key>
			<string>2147483647</string>
			<key>files</key>
			<array>
				<string>9907161A1B94885C00D1A903</string>
			</array>
			<key>isa</key>
			<string>PBXSourcesBuildPhase</string>
			<key>runOnlyForDeploymentPostprocessing</key>
			<string>0</string>
		</dict>
		<key>990716121B94885C00D1A903</key>
		<dict>
			<key>buildActionMask</key>
			<string>2147483647</string>
			<key>files</key>
			<array/>
			<key>isa</key>
			<string>PBXFrameworksBuildPhase</string>
			<key>runOnlyForDeploymentPostprocessing</key>
			<string>0</string>
		</dict>
		<key>990716131B94885C00D1A903</key>
		<dict>
			<key>buildActionMask</key>
			<string>2147483647</string>
			<key>files</key>
			<array/>
			<key>isa</key>
			<string>PBXResourcesBuildPhase</string>
			<key>runOnlyForDeploymentPostprocessing</key>
			<string>0</string>
		</dict>
		<key>990716141B94885C00D1A903</key>
		<dict>
			<key>buildConfigurationList</key>
			<string>9907162C1B94885C00D1A903</string>
			<key>buildPhases</key>
			<array>
				<string>990716111B94885C00D1A903</string>
				<string>990716121B94885C00D1A903</string>
				<string>990716131B94885C00D1A903</string>
			</array>
			<key>buildRules</key>
			<array/>
			<key>dependencies</key>
			<array>
				<string>990716171B94885C00D1A903</string>
			</array>
			<key>isa</key>
			<string>PBXNativeTarget</string>
			<key>name</key>
			<string>PasteBookTests</string>
			<key>productName</key>
			<string>PasteBookTests</string>
			<key>productReference</key>
			<string>990716151B94885C00D1A903</string>
			<key>productType</key>
			<string>com.apple.product-type.bundle.unit-test</string>
		</dict>
		<key>990716151B94885C00D1A903</key>
		<dict>
			<key>explicitFileType</key>
			<string>wrapper.cfbundle</string>
			<key>includeInIndex</key>
			<string>0</string>
			<key>isa</key>
			<string>PBXFileReference</string>
			<key>path</key>
			<string>PasteBookTests.xctest</string>
			<key>sourceTree</key>
			<string>BUILT_PRODUCTS_DIR</string>
		</dict>
		<key>990716161B94885C00D1A903</key>
		<dict>
			<key>containerPortal</key>
			<string>990715F91B94885C00D1A903</string>
			<key>isa</key>
			<string>PBXContainerItemProxy</string>
			<key>proxyType</key>
			<string>1</string>
			<key>remoteGlobalIDString</key>
			<string>990716001B94885C00D1A903</string>
			<key>remoteInfo</key>
			<string>PasteBook</string>
		</dict>
		<key>990716171B94885C00D1A903</key>
		<dict>
			<key>isa</key>
			<string>PBXTargetDependency</string>
			<key>target</key>
			<string>990716001B94885C00D1A903</string>
			<key>targetProxy</key>
			<string>990716161B94885C00D1A903</string>
		</dict>
		<key>990716181B94885C00D1A903</key>
		<dict>
			<key>children</key>
			<array>
				<string>990716191B94885C00D1A903</string>
				<string>9907161B1B94885C00D1A903</string>
			</array>
			<key>isa</key>
			<string>PBXGroup</string>
			<key>path</key>
			<string>PasteBookTests</string>
			<key>sourceTree</key>
			<string>&lt;group&gt;</string>
		</dict>
		<key>990716191B94885C00D1A903</key>
		<dict>
			<key>isa</key>
			<string>PBXFileReference</string>
			<key>lastKnownFileType</key>
			<string>sourcecode.swift</string>
			<key>path</key>
			<string>PasteBookTests.swift</string>
			<key>sourceTree</key>
			<string>&lt;group&gt;</string>
		</dict>
		<key>9907161A1B94885C00D1A903</key>
		<dict>
			<key>fileRef</key>
			<string>990716191B94885C00D1A903</string>
			<key>isa</key>
			<string>PBXBuildFile</string>
		</dict>
		<key>9907161B1B94885C00D1A903</key>
		<dict>
			<key>isa</key>
			<string>PBXFileReference</string>
			<key>lastKnownFileType</key>
			<string>text.plist.xml</string>
			<key>path</key>
			<string>Info.plist</string>
			<key>sourceTree</key>
			<string>&lt;group&gt;</string>
		</dict>
		<key>990716231B94885C00D1A903</key>
		<dict>
			<key>children</key>
			<array>
				<string>990716241B94885C00D1A903</string>
				<string>990716261B94885C00D1A903</string>
			</array>
			<key>isa</key>
			<string>PBXGroup</string>
			<key>path</key>
			<string>PasteBookUITests</string>
			<key>sourceTree</key>
			<string>&lt;group&gt;</string>
		</dict>
		<key>990716241B94885C00D1A903</key>
		<dict>
			<key>isa</key>
			<string>PBXFileReference</string>
			<key>lastKnownFileType</key>
			<string>sourcecode.swift</string>
			<key>path</key>
			<string>PasteBookUITests.swift</string>
			<key>sourceTree</key>
			<string>&lt;group&gt;</string>
		</dict>
		<key>990716261B94885C00D1A903</key>
		<dict>
			<key>isa</key>
			<string>PBXFileReference</string>
			<key>lastKnownFileType</key>
			<string>text.plist.xml</string>
			<key>path</key>
			<string>Info.plist</string>
			<key>sourceTree</key>
			<string>&lt;group&gt;</string>
		</dict>
		<key>990716271B94885C00D1A903</key>
		<dict>
			<key>buildSettings</key>
			<dict>
				<key>ALWAYS_SEARCH_USER_PATHS</key>
				<string>NO</string>
				<key>CLANG_CXX_LANGUAGE_STANDARD</key>
				<string>gnu++0x</string>
				<key>CLANG_CXX_LIBRARY</key>
				<string>libc++</string>
				<key>CLANG_ENABLE_MODULES</key>
				<string>YES</string>
				<key>CLANG_ENABLE_OBJC_ARC</key>
				<string>YES</string>
				<key>CLANG_WARN_BOOL_CONVERSION</key>
				<string>YES</string>
				<key>CLANG_WARN_CONSTANT_CONVERSION</key>
				<string>YES</string>
				<key>CLANG_WARN_DIRECT_OBJC_ISA_USAGE</key>
				<string>YES_ERROR</string>
				<key>CLANG_WARN_EMPTY_BODY</key>
				<string>YES</string>
				<key>CLANG_WARN_ENUM_CONVERSION</key>
				<string>YES</string>
				<key>CLANG_WARN_INFINITE_RECURSION</key>
				<string>YES</string>
				<key>CLANG_WARN_INT_CONVERSION</key>
				<string>YES</string>
				<key>CLANG_WARN_OBJC_ROOT_CLASS</key>
				<string>YES_ERROR</string>
				<key>CLANG_WARN_SUSPICIOUS_MOVE</key>
				<string>YES</string>
				<key>CLANG_WARN_UNREACHABLE_CODE</key>
				<string>YES</string>
				<key>CLANG_WARN__DUPLICATE_METHOD_MATCH</key>
				<string>YES</string>
				<key>CODE_SIGN_IDENTITY[sdk=iphoneos*]</key>
				<string>iPhone Developer</string>
				<key>COPY_PHASE_STRIP</key>
				<string>NO</string>
				<key>DEBUG_INFORMATION_FORMAT</key>
				<string>dwarf</string>
				<key>ENABLE_STRICT_OBJC_MSGSEND</key>
				<string>YES</string>
				<key>ENABLE_TESTABILITY</key>
				<string>YES</string>
				<key>GCC_C_LANGUAGE_STANDARD</key>
				<string>gnu99</string>
				<key>GCC_DYNAMIC_NO_PIC</key>
				<string>NO</string>
				<key>GCC_NO_COMMON_BLOCKS</key>
				<string>YES</string>
				<key>GCC_OPTIMIZATION_LEVEL</key>
				<string>0</string>
				<key>GCC_PREPROCESSOR_DEFINITIONS</key>
				<array>
					<string>DEBUG=1</string>
					<string>$(inherited)</string>
				</array>
				<key>GCC_WARN_64_TO_32_BIT_CONVERSION</key>
				<string>YES</string>
				<key>GCC_WARN_ABOUT_RETURN_TYPE</key>
				<string>YES_ERROR</string>
				<key>GCC_WARN_UNDECLARED_SELECTOR</key>
				<string>YES</string>
				<key>GCC_WARN_UNINITIALIZED_AUTOS</key>
				<string>YES_AGGRESSIVE</string>
				<key>GCC_WARN_UNUSED_FUNCTION</key>
				<string>YES</string>
				<key>GCC_WARN_UNUSED_VARIABLE</key>
				<string>YES</string>
				<key>IPHONEOS_DEPLOYMENT_TARGET</key>
				<string>9.0</string>
				<key>MTL_ENABLE_DEBUG_INFO</key>
				<string>YES</string>
				<key>ONLY_ACTIVE_ARCH</key>
				<string>YES</string>
				<key>SDKROOT</key>
				<string>iphoneos</string>
				<key>SWIFT_OPTIMIZATION_LEVEL</key>
				<string>-Onone</string>
				<key>TARGETED_DEVICE_FAMILY</key>
				<string>1,2</string>
				<key>USER_HEADER_SEARCH_PATHS</key>
				<string></string>
			</dict>
			<key>isa</key>
			<string>XCBuildConfiguration</string>
			<key>name</key>
			<string>Debug</string>
		</dict>
		<key>990716281B94885C00D1A903</key>
		<dict>
			<key>buildSettings</key>
			<dict>
				<key>ALWAYS_SEARCH_USER_PATHS</key>
				<string>NO</string>
				<key>CLANG_CXX_LANGUAGE_STANDARD</key>
				<string>gnu++0x</string>
				<key>CLANG_CXX_LIBRARY</key>
				<string>libc++</string>
				<key>CLANG_ENABLE_MODULES</key>
				<string>YES</string>
				<key>CLANG_ENABLE_OBJC_ARC</key>
				<string>YES</string>
				<key>CLANG_WARN_BOOL_CONVERSION</key>
				<string>YES</string>
				<key>CLANG_WARN_CONSTANT_CONVERSION</key>
				<string>YES</string>
				<key>CLANG_WARN_DIRECT_OBJC_ISA_USAGE</key>
				<string>YES_ERROR</string>
				<key>CLANG_WARN_EMPTY_BODY</key>
				<string>YES</string>
				<key>CLANG_WARN_ENUM_CONVERSION</key>
				<string>YES</string>
				<key>CLANG_WARN_INFINITE_RECURSION</key>
				<string>YES</string>
				<key>CLANG_WARN_INT_CONVERSION</key>
				<string>YES</string>
				<key>CLANG_WARN_OBJC_ROOT_CLASS</key>
				<string>YES_ERROR</string>
				<key>CLANG_WARN_SUSPICIOUS_MOVE</key>
				<string>YES</string>
				<key>CLANG_WARN_UNREACHABLE_CODE</key>
				<string>YES</string>
				<key>CLANG_WARN__DUPLICATE_METHOD_MATCH</key>
				<string>YES</string>
				<key>CODE_SIGN_IDENTITY[sdk=iphoneos*]</key>
				<string>iPhone Developer</string>
				<key>COPY_PHASE_STRIP</key>
				<string>NO</string>
				<key>DEBUG_INFORMATION_FORMAT</key>
				<string>dwarf-with-dsym</string>
				<key>ENABLE_NS_ASSERTIONS</key>
				<string>NO</string>
				<key>ENABLE_STRICT_OBJC_MSGSEND</key>
				<string>YES</string>
				<key>GCC_C_LANGUAGE_STANDARD</key>
				<string>gnu99</string>
				<key>GCC_NO_COMMON_BLOCKS</key>
				<string>YES</string>
				<key>GCC_WARN_64_TO_32_BIT_CONVERSION</key>
				<string>YES</string>
				<key>GCC_WARN_ABOUT_RETURN_TYPE</key>
				<string>YES_ERROR</string>
				<key>GCC_WARN_UNDECLARED_SELECTOR</key>
				<string>YES</string>
				<key>GCC_WARN_UNINITIALIZED_AUTOS</key>
				<string>YES_AGGRESSIVE</string>
				<key>GCC_WARN_UNUSED_FUNCTION</key>
				<string>YES</string>
				<key>GCC_WARN_UNUSED_VARIABLE</key>
				<string>YES</string>
				<key>IPHONEOS_DEPLOYMENT_TARGET</key>
				<string>9.0</string>
				<key>MTL_ENABLE_DEBUG_INFO</key>
				<string>NO</string>
				<key>SDKROOT</key>
				<string>iphoneos</string>
				<key>SWIFT_OPTIMIZATION_LEVEL</key>
				<string>-Owholemodule</string>
				<key>TARGETED_DEVICE_FAMILY</key>
				<string>1,2</string>
				<key>USER_HEADER_SEARCH_PATHS</key>
				<string></string>
				<key>VALIDATE_PRODUCT</key>
				<string>YES</string>
			</dict>
			<key>isa</key>
			<string>XCBuildConfiguration</string>
			<key>name</key>
			<string>Release</string>
		</dict>
		<key>990716291B94885C00D1A903</key>
		<dict>
			<key>buildConfigurations</key>
			<array>
				<string>9907162A1B94885C00D1A903</string>
				<string>9907162B1B94885C00D1A903</string>
			</array>
			<key>defaultConfigurationIsVisible</key>
			<string>0</string>
			<key>defaultConfigurationName</key>
			<string>Release</string>
			<key>isa</key>
			<string>XCConfigurationList</string>
		</dict>
		<key>9907162A1B94885C00D1A903</key>
		<dict>
			<key>baseConfigurationReference</key>
			<string>45A645072F86156F7217E393</string>
			<key>buildSettings</key>
			<dict>
				<key>ASSETCATALOG_COMPILER_APPICON_NAME</key>
				<string>AppIcon</string>
				<key>CLANG_ENABLE_MODULES</key>
				<string>YES</string>
				<key>CODE_SIGN_IDENTITY</key>
				<string>iPhone Developer</string>
				<key>CODE_SIGN_IDENTITY[sdk=iphoneos*]</key>
				<string>iPhone Developer</string>
				<key>INFOPLIST_FILE</key>
				<string>PasteBook/Info.plist</string>
				<key>LD_RUNPATH_SEARCH_PATHS</key>
				<string>$(inherited) @executable_path/Frameworks</string>
				<key>PRODUCT_BUNDLE_IDENTIFIER</key>
				<string>com.horidream.PasteBook</string>
				<key>PRODUCT_NAME</key>
				<string>$(TARGET_NAME)</string>
				<key>PROVISIONING_PROFILE</key>
				<string></string>
				<key>SWIFT_OBJC_BRIDGING_HEADER</key>
				<string>PasteBook/PasteBook-Bridging-Header.h</string>
				<key>SWIFT_OPTIMIZATION_LEVEL</key>
				<string>-Onone</string>
				<key>SWIFT_VERSION</key>
				<string>3.0</string>
				<key>TARGETED_DEVICE_FAMILY</key>
				<string>1,2</string>
			</dict>
			<key>isa</key>
			<string>XCBuildConfiguration</string>
			<key>name</key>
			<string>Debug</string>
		</dict>
		<key>9907162B1B94885C00D1A903</key>
		<dict>
			<key>baseConfigurationReference</key>
			<string>F461B43A6194F1D8F7CC9F7D</string>
			<key>buildSettings</key>
			<dict>
				<key>ASSETCATALOG_COMPILER_APPICON_NAME</key>
				<string>AppIcon</string>
				<key>CLANG_ENABLE_MODULES</key>
				<string>YES</string>
				<key>CODE_SIGN_IDENTITY</key>
				<string>iPhone Developer</string>
				<key>CODE_SIGN_IDENTITY[sdk=iphoneos*]</key>
				<string>iPhone Developer</string>
				<key>INFOPLIST_FILE</key>
				<string>PasteBook/Info.plist</string>
				<key>LD_RUNPATH_SEARCH_PATHS</key>
				<string>$(inherited) @executable_path/Frameworks</string>
				<key>PRODUCT_BUNDLE_IDENTIFIER</key>
				<string>com.horidream.PasteBook</string>
				<key>PRODUCT_NAME</key>
				<string>$(TARGET_NAME)</string>
				<key>PROVISIONING_PROFILE</key>
				<string></string>
				<key>SWIFT_OBJC_BRIDGING_HEADER</key>
				<string>PasteBook/PasteBook-Bridging-Header.h</string>
				<key>SWIFT_VERSION</key>
				<string>3.0</string>
				<key>TARGETED_DEVICE_FAMILY</key>
				<string>1,2</string>
			</dict>
			<key>isa</key>
			<string>XCBuildConfiguration</string>
			<key>name</key>
			<string>Release</string>
		</dict>
		<key>9907162C1B94885C00D1A903</key>
		<dict>
			<key>buildConfigurations</key>
			<array>
				<string>9907162D1B94885C00D1A903</string>
				<string>9907162E1B94885C00D1A903</string>
			</array>
			<key>defaultConfigurationIsVisible</key>
			<string>0</string>
			<key>defaultConfigurationName</key>
			<string>Release</string>
			<key>isa</key>
			<string>XCConfigurationList</string>
		</dict>
		<key>9907162D1B94885C00D1A903</key>
		<dict>
			<key>buildSettings</key>
			<dict>
				<key>BUNDLE_LOADER</key>
				<string>$(TEST_HOST)</string>
				<key>INFOPLIST_FILE</key>
				<string>PasteBookTests/Info.plist</string>
				<key>LD_RUNPATH_SEARCH_PATHS</key>
				<string>$(inherited) @executable_path/Frameworks @loader_path/Frameworks</string>
				<key>PRODUCT_BUNDLE_IDENTIFIER</key>
				<string>com.horidream.PasteBookTests</string>
				<key>PRODUCT_NAME</key>
				<string>$(TARGET_NAME)</string>
				<key>SWIFT_VERSION</key>
				<string>3.0</string>
				<key>TEST_HOST</key>
				<string>$(BUILT_PRODUCTS_DIR)/PasteBook.app/PasteBook</string>
			</dict>
			<key>isa</key>
			<string>XCBuildConfiguration</string>
			<key>name</key>
			<string>Debug</string>
		</dict>
		<key>9907162E1B94885C00D1A903</key>
		<dict>
			<key>buildSettings</key>
			<dict>
				<key>BUNDLE_LOADER</key>
				<string>$(TEST_HOST)</string>
				<key>INFOPLIST_FILE</key>
				<string>PasteBookTests/Info.plist</string>
				<key>LD_RUNPATH_SEARCH_PATHS</key>
				<string>$(inherited) @executable_path/Frameworks @loader_path/Frameworks</string>
				<key>PRODUCT_BUNDLE_IDENTIFIER</key>
				<string>com.horidream.PasteBookTests</string>
				<key>PRODUCT_NAME</key>
				<string>$(TARGET_NAME)</string>
				<key>SWIFT_VERSION</key>
				<string>3.0</string>
				<key>TEST_HOST</key>
				<string>$(BUILT_PRODUCTS_DIR)/PasteBook.app/PasteBook</string>
			</dict>
			<key>isa</key>
			<string>XCBuildConfiguration</string>
			<key>name</key>
			<string>Release</string>
		</dict>
		<key>990716331B948EB300D1A903</key>
		<dict>
			<key>isa</key>
			<string>PBXFileReference</string>
			<key>lastKnownFileType</key>
			<string>sourcecode.c.h</string>
			<key>path</key>
			<string>PasteBook-Bridging-Header.h</string>
			<key>sourceTree</key>
			<string>&lt;group&gt;</string>
		</dict>
		<key>990716371B94A6EB00D1A903</key>
		<dict>
			<key>children</key>
			<array>
				<string>993E61C81CCA88400055E7D5</string>
				<string>990716041B94885C00D1A903</string>
				<string>990716081B94885C00D1A903</string>
				<string>9907160D1B94885C00D1A903</string>
				<string>990716101B94885C00D1A903</string>
				<string>990716331B948EB300D1A903</string>
			</array>
			<key>isa</key>
			<string>PBXGroup</string>
			<key>name</key>
			<string>Settings</string>
			<key>sourceTree</key>
			<string>&lt;group&gt;</string>
		</dict>
		<key>990716381B94A72400D1A903</key>
		<dict>
			<key>fileEncoding</key>
			<string>4</string>
			<key>isa</key>
			<string>PBXFileReference</string>
			<key>lastKnownFileType</key>
			<string>sourcecode.swift</string>
			<key>path</key>
			<string>DBUtil.swift</string>
			<key>sourceTree</key>
			<string>&lt;group&gt;</string>
		</dict>
		<key>990716391B94A72400D1A903</key>
		<dict>
			<key>fileRef</key>
			<string>990716381B94A72400D1A903</string>
			<key>isa</key>
			<string>PBXBuildFile</string>
		</dict>
		<key>991E34771CEA017B00316B55</key>
		<dict>
			<key>fileEncoding</key>
			<string>4</string>
			<key>isa</key>
			<string>PBXFileReference</string>
			<key>lastKnownFileType</key>
			<string>sourcecode.swift</string>
			<key>path</key>
			<string>AddNewTagVC.swift</string>
			<key>sourceTree</key>
			<string>&lt;group&gt;</string>
		</dict>
		<key>991E34781CEA017B00316B55</key>
		<dict>
			<key>fileRef</key>
			<string>991E34771CEA017B00316B55</string>
			<key>isa</key>
			<string>PBXBuildFile</string>
		</dict>
		<key>991E34791CEA069F00316B55</key>
		<dict>
			<key>fileEncoding</key>
			<string>4</string>
			<key>isa</key>
			<string>PBXFileReference</string>
			<key>lastKnownFileType</key>
			<string>sourcecode.swift</string>
			<key>path</key>
			<string>SensibleTableViewControl.swift</string>
			<key>sourceTree</key>
			<string>&lt;group&gt;</string>
		</dict>
		<key>991E347A1CEA069F00316B55</key>
		<dict>
			<key>fileRef</key>
			<string>991E34791CEA069F00316B55</string>
			<key>isa</key>
			<string>PBXBuildFile</string>
		</dict>
		<key>993B41591CF48B6F00044B3A</key>
		<dict>
			<key>children</key>
			<array>
				<string>993B415A1CF48B8600044B3A</string>
				<string>993B415B1CF48B8600044B3A</string>
			</array>
			<key>isa</key>
			<string>PBXGroup</string>
			<key>name</key>
			<string>iCarousel</string>
			<key>sourceTree</key>
			<string>&lt;group&gt;</string>
		</dict>
		<key>993B415A1CF48B8600044B3A</key>
		<dict>
			<key>fileEncoding</key>
			<string>4</string>
			<key>isa</key>
			<string>PBXFileReference</string>
			<key>lastKnownFileType</key>
			<string>sourcecode.c.h</string>
			<key>path</key>
			<string>iCarousel.h</string>
			<key>sourceTree</key>
			<string>&lt;group&gt;</string>
		</dict>
		<key>993B415B1CF48B8600044B3A</key>
		<dict>
			<key>fileEncoding</key>
			<string>4</string>
			<key>isa</key>
			<string>PBXFileReference</string>
			<key>lastKnownFileType</key>
			<string>sourcecode.c.objc</string>
			<key>path</key>
			<string>iCarousel.m</string>
			<key>sourceTree</key>
			<string>&lt;group&gt;</string>
		</dict>
		<key>993B415C1CF48B8600044B3A</key>
		<dict>
			<key>fileRef</key>
			<string>993B415B1CF48B8600044B3A</string>
			<key>isa</key>
			<string>PBXBuildFile</string>
		</dict>
		<key>993E61C71CCA3EBE0055E7D5</key>
		<dict>
			<key>children</key>
			<array>
				<string>99BDF8751C3AC53500C4D768</string>
				<string>99FC8A1F1C3ECDA900596BB3</string>
				<string>99FC8A1D1C3EC12200596BB3</string>
				<string>99BDF8761C3AC53500C4D768</string>
				<string>99FC8A191C3EBE0600596BB3</string>
			</array>
			<key>isa</key>
			<string>PBXGroup</string>
			<key>name</key>
			<string>Web</string>
			<key>sourceTree</key>
			<string>&lt;group&gt;</string>
		</dict>
		<key>993E61C81CCA88400055E7D5</key>
		<dict>
			<key>isa</key>
			<string>PBXFileReference</string>
			<key>lastKnownFileType</key>
			<string>file</string>
			<key>path</key>
			<string>moknow.db</string>
			<key>sourceTree</key>
			<string>&lt;group&gt;</string>
		</dict>
		<key>993E61C91CCA88400055E7D5</key>
		<dict>
			<key>fileRef</key>
			<string>993E61C81CCA88400055E7D5</string>
			<key>isa</key>
			<string>PBXBuildFile</string>
		</dict>
		<key>993E61CA1CCD116A0055E7D5</key>
		<dict>
			<key>fileEncoding</key>
			<string>4</string>
			<key>isa</key>
			<string>PBXFileReference</string>
			<key>lastKnownFileType</key>
			<string>sourcecode.swift</string>
			<key>path</key>
			<string>DBHandler.swift</string>
			<key>sourceTree</key>
			<string>&lt;group&gt;</string>
		</dict>
		<key>993E61CB1CCD116A0055E7D5</key>
		<dict>
			<key>fileRef</key>
			<string>993E61CA1CCD116A0055E7D5</string>
			<key>isa</key>
			<string>PBXBuildFile</string>
		</dict>
		<key>993E61CC1CCD15F40055E7D5</key>
		<dict>
			<key>fileEncoding</key>
			<string>4</string>
			<key>isa</key>
			<string>PBXFileReference</string>
			<key>lastKnownFileType</key>
			<string>sourcecode.swift</string>
			<key>path</key>
			<string>PBDBHandler.swift</string>
			<key>sourceTree</key>
			<string>&lt;group&gt;</string>
		</dict>
		<key>993E61CD1CCD15F40055E7D5</key>
		<dict>
			<key>fileRef</key>
			<string>993E61CC1CCD15F40055E7D5</string>
			<key>isa</key>
			<string>PBXBuildFile</string>
		</dict>
		<key>993E61CE1CCD16E90055E7D5</key>
		<dict>
			<key>children</key>
			<array>
				<string>990716381B94A72400D1A903</string>
				<string>993E61CA1CCD116A0055E7D5</string>
				<string>993E61CC1CCD15F40055E7D5</string>
			</array>
			<key>isa</key>
			<string>PBXGroup</string>
			<key>name</key>
			<string>DataBase</string>
			<key>sourceTree</key>
			<string>&lt;group&gt;</string>
		</dict>
		<key>99A6E6121CCE5CFD00218213</key>
		<dict>
			<key>fileEncoding</key>
			<string>4</string>
			<key>isa</key>
			<string>PBXFileReference</string>
			<key>lastKnownFileType</key>
			<string>sourcecode.swift</string>
			<key>path</key>
			<string>CreateNewItemVC.swift</string>
			<key>sourceTree</key>
			<string>&lt;group&gt;</string>
		</dict>
		<key>99A6E6131CCE5CFD00218213</key>
		<dict>
			<key>fileRef</key>
			<string>99A6E6121CCE5CFD00218213</string>
			<key>isa</key>
			<string>PBXBuildFile</string>
		</dict>
		<key>99A6E6141CCFAE9F00218213</key>
		<dict>
			<key>fileEncoding</key>
			<string>4</string>
			<key>isa</key>
			<string>PBXFileReference</string>
			<key>lastKnownFileType</key>
			<string>sourcecode.swift</string>
			<key>path</key>
			<string>SelectTagsVC.swift</string>
			<key>sourceTree</key>
			<string>&lt;group&gt;</string>
		</dict>
		<key>99A6E6151CCFAE9F00218213</key>
		<dict>
			<key>fileRef</key>
			<string>99A6E6141CCFAE9F00218213</string>
			<key>isa</key>
			<string>PBXBuildFile</string>
		</dict>
		<key>99A6E6161CD0F9FE00218213</key>
		<dict>
			<key>fileEncoding</key>
			<string>4</string>
			<key>isa</key>
			<string>PBXFileReference</string>
			<key>lastKnownFileType</key>
			<string>sourcecode.swift</string>
			<key>path</key>
			<string>TagCell.swift</string>
			<key>sourceTree</key>
			<string>&lt;group&gt;</string>
		</dict>
		<key>99A6E6171CD0F9FE00218213</key>
		<dict>
			<key>fileRef</key>
			<string>99A6E6161CD0F9FE00218213</string>
			<key>isa</key>
			<string>PBXBuildFile</string>
		</dict>
		<key>99BDF8751C3AC53500C4D768</key>
		<dict>
			<key>fileEncoding</key>
			<string>4</string>
			<key>isa</key>
			<string>PBXFileReference</string>
			<key>lastKnownFileType</key>
			<string>text.html</string>
			<key>name</key>
			<string>template.html</string>
			<key>path</key>
			<string>PasteBook/template.html</string>
			<key>sourceTree</key>
			<string>&lt;group&gt;</string>
		</dict>
		<key>99BDF8761C3AC53500C4D768</key>
		<dict>
			<key>fileEncoding</key>
			<string>4</string>
			<key>isa</key>
			<string>PBXFileReference</string>
			<key>lastKnownFileType</key>
			<string>sourcecode.javascript</string>
			<key>name</key>
			<string>marked.min.js</string>
			<key>path</key>
			<string>PasteBook/marked.min.js</string>
			<key>sourceTree</key>
			<string>&lt;group&gt;</string>
		</dict>
		<key>99BDF8771C3AC53500C4D768</key>
		<dict>
			<key>fileRef</key>
			<string>99BDF8751C3AC53500C4D768</string>
			<key>isa</key>
			<string>PBXBuildFile</string>
		</dict>
		<key>99BDF8781C3AC53500C4D768</key>
		<dict>
			<key>fileRef</key>
			<string>99BDF8761C3AC53500C4D768</string>
			<key>isa</key>
			<string>PBXBuildFile</string>
		</dict>
		<key>99BDF87B1C3C098E00C4D768</key>
		<dict>
			<key>fileEncoding</key>
			<string>4</string>
			<key>isa</key>
			<string>PBXFileReference</string>
			<key>lastKnownFileType</key>
			<string>sourcecode.swift</string>
			<key>path</key>
			<string>TitleTableVC.swift</string>
			<key>sourceTree</key>
			<string>&lt;group&gt;</string>
		</dict>
		<key>99BDF87C1C3C098E00C4D768</key>
		<dict>
			<key>fileRef</key>
			<string>99BDF87B1C3C098E00C4D768</string>
			<key>isa</key>
			<string>PBXBuildFile</string>
		</dict>
		<key>99CD3D4F1CE94576008250FD</key>
		<dict>
			<key>children</key>
			<array>
				<string>99A6E6161CD0F9FE00218213</string>
			</array>
			<key>isa</key>
			<string>PBXGroup</string>
			<key>name</key>
			<string>Components</string>
			<key>sourceTree</key>
			<string>&lt;group&gt;</string>
		</dict>
		<key>99CD3D501CE9458B008250FD</key>
		<dict>
			<key>children</key>
			<array>
				<string>151B895B1CFD40B200630EF8</string>
				<string>99BDF87B1C3C098E00C4D768</string>
				<string>990716061B94885C00D1A903</string>
				<string>99A6E6121CCE5CFD00218213</string>
				<string>99A6E6141CCFAE9F00218213</string>
				<string>991E34771CEA017B00316B55</string>
				<string>15B608351CEEEAD600D19210</string>
			</array>
			<key>isa</key>
			<string>PBXGroup</string>
			<key>name</key>
			<string>ViewControllers</string>
			<key>sourceTree</key>
			<string>&lt;group&gt;</string>
		</dict>
		<key>99CD3D511CE9459F008250FD</key>
		<dict>
			<key>children</key>
			<array>
				<string>99CD3D521CE945B8008250FD</string>
				<string>991E34791CEA069F00316B55</string>
			</array>
			<key>isa</key>
			<string>PBXGroup</string>
			<key>name</key>
			<string>Utils</string>
			<key>sourceTree</key>
			<string>&lt;group&gt;</string>
		</dict>
		<key>99CD3D521CE945B8008250FD</key>
		<dict>
			<key>fileEncoding</key>
			<string>4</string>
			<key>isa</key>
			<string>PBXFileReference</string>
			<key>lastKnownFileType</key>
			<string>sourcecode.swift</string>
			<key>path</key>
			<string>PBUtil.swift</string>
			<key>sourceTree</key>
			<string>&lt;group&gt;</string>
		</dict>
		<key>99CD3D531CE945B8008250FD</key>
		<dict>
			<key>fileRef</key>
			<string>99CD3D521CE945B8008250FD</string>
			<key>isa</key>
			<string>PBXBuildFile</string>
		</dict>
		<key>99FC8A191C3EBE0600596BB3</key>
		<dict>
			<key>fileEncoding</key>
			<string>4</string>
			<key>isa</key>
			<string>PBXFileReference</string>
			<key>lastKnownFileType</key>
			<string>text.css</string>
			<key>name</key>
			<string>default.css</string>
			<key>path</key>
			<string>PasteBook/default.css</string>
			<key>sourceTree</key>
			<string>&lt;group&gt;</string>
		</dict>
		<key>99FC8A1A1C3EBE0600596BB3</key>
		<dict>
			<key>fileRef</key>
			<string>99FC8A191C3EBE0600596BB3</string>
			<key>isa</key>
			<string>PBXBuildFile</string>
		</dict>
		<key>99FC8A1D1C3EC12200596BB3</key>
		<dict>
			<key>fileEncoding</key>
			<string>4</string>
			<key>isa</key>
			<string>PBXFileReference</string>
			<key>lastKnownFileType</key>
			<string>sourcecode.javascript</string>
			<key>name</key>
			<string>jquery-2.1.4.min.js</string>
			<key>path</key>
			<string>PasteBook/jquery-2.1.4.min.js</string>
			<key>sourceTree</key>
			<string>&lt;group&gt;</string>
		</dict>
		<key>99FC8A1E1C3EC12200596BB3</key>
		<dict>
			<key>fileRef</key>
			<string>99FC8A1D1C3EC12200596BB3</string>
			<key>isa</key>
			<string>PBXBuildFile</string>
		</dict>
		<key>99FC8A1F1C3ECDA900596BB3</key>
		<dict>
			<key>fileEncoding</key>
			<string>4</string>
			<key>isa</key>
			<string>PBXFileReference</string>
			<key>lastKnownFileType</key>
			<string>sourcecode.javascript</string>
			<key>name</key>
			<string>highlight.pack.js</string>
			<key>path</key>
			<string>PasteBook/highlight.pack.js</string>
			<key>sourceTree</key>
			<string>&lt;group&gt;</string>
		</dict>
		<key>99FC8A201C3ECDA900596BB3</key>
		<dict>
			<key>fileRef</key>
			<string>99FC8A1F1C3ECDA900596BB3</string>
			<key>isa</key>
			<string>PBXBuildFile</string>
		</dict>
		<key>AA59E43E38BC80D0E67A07A9</key>
		<dict>
			<key>children</key>
			<array>
				<string>6E064DA690C1423B07C5E887</string>
			</array>
			<key>isa</key>
			<string>PBXGroup</string>
			<key>name</key>
			<string>Frameworks</string>
			<key>sourceTree</key>
			<string>&lt;group&gt;</string>
		</dict>
		<key>F461B43A6194F1D8F7CC9F7D</key>
		<dict>
			<key>includeInIndex</key>
			<string>1</string>
			<key>isa</key>
			<string>PBXFileReference</string>
			<key>lastKnownFileType</key>
			<string>text.xcconfig</string>
			<key>name</key>
			<string>Pods-PasteBook.release.xcconfig</string>
			<key>path</key>
			<string>Pods/Target Support Files/Pods-PasteBook/Pods-PasteBook.release.xcconfig</string>
			<key>sourceTree</key>
			<string>&lt;group&gt;</string>
		</dict>
	</dict>
	<key>rootObject</key>
	<string>990715F91B94885C00D1A903</string>
</dict>
</plist>
